<?xml version="1.0" encoding="utf-8"?>
<Project ToolsVersion="16.0" xmlns="http://schemas.microsoft.com/developer/msbuild/2003">
  <ItemGroup>
    <ClCompile Include="W:\smol\src\demo\src\launcher\game_launcher.cpp">
      <Filter>Source Files</Filter>
    </ClCompile>
  </ItemGroup>
  <ItemGroup>
    <ClInclude Include="W:\smol\src\demo\src\launcher\game_launcher_resource.h">
      <Filter>Header Files</Filter>
    </ClInclude>
  </ItemGroup>
  <ItemGroup>
    <CustomBuild Include="W:\smol\src\demo\src\launcher\CMakeLists.txt" />
  </ItemGroup>
  <ItemGroup>
    <Object Include="W:\smol\src\demo\workspace\src\game.dir\$(Configuration)\game.obj">
      <Filter>Object Libraries</Filter>
    </Object>
  </ItemGroup>
  <ItemGroup>
    <ResourceCompile Include="W:\smol\src\demo\src\launcher\game_launcher_resource.rc">
      <Filter>Source Files</Filter>
    </ResourceCompile>
  </ItemGroup>
  <ItemGroup>
    <Filter Include="Header Files">
      <UniqueIdentifier>{7F583F59-CE97-35B9-9909-239B001B859E}</UniqueIdentifier>
    </Filter>
    <Filter Include="Object Libraries">
      <UniqueIdentifier>{8D465F6F-3737-3D74-A9DA-0422FF22E484}</UniqueIdentifier>
    </Filter>
    <Filter Include="Source Files">
      <UniqueIdentifier>{539B6B83-8D20-382D-92AD-D983332E3EB7}</UniqueIdentifier>
    </Filter>
  </ItemGroup>
</Project>
